# THIS IS AN AUTOGENERATED FILE. DO NOT EDIT THIS FILE DIRECTLY.
# yarn lockfile v1


"@neondatabase/serverless@^0.9.0":
  version "0.9.0"
  resolved "https://yarnpkg.com"
  integrity sha512-lhfZMkW5zZ9nCmu/vS5B7pXmYf7pXNn68dflb7wFmRfZw97nPFuIrcWbWSmvUtSgSg+hQy3gP9qDkI6iO2g/Pg==
  dependencies:
    "@types/node" "*"

"@types/node@*":
  version "20.11.0"
  resolved "https://yarnpkg.com"
  integrity sha512-o9ntYyNoAepT6gG6asVnVv96YfN69fS759Pvg6bA3mfs8sSxAAn6mL/S68v+E0QitnFsh0F56R7vclksvM7AnA==

autoprefixer@^10.4.0:
  version "10.4.16"
  resolved "https://yarnpkg.com"
  integrity sha512-7vd3UC6xKp0HLfua5IjZoxWBHC9UmcKUB679VRvPxX870sFAskHNbLYM1uDcZ6TC3cEink29gMGiNUUd1KBQAw==
  dependencies:
    browserslist "^4.21.10"
    caniuse-lite "^1.0.30001538"
    fraction.js "^4.3.6"
    normalize-range "^0.1.2"
    picocolors "^1.0.0"
    postcss-value-parser "^4.2.0"

browserslist@^4.21.10:
  version "4.22.2"
  resolved "https://yarnpkg.com"
  integrity sha512-0Ug99v9IJAXzi8AlbsM7aQ0nyCl9799GcjLN6REQrW6cI9uBPPPXv11RF98yy7F+Cg0u7u7H9Z0fPp9vGlWwGA==
  dependencies:
    caniuse-lite "^1.0.30001565"
    electron-to-chromium "^1.4.601"
    node-releases "^2.0.14"
    update-browserslist-db "^1.0.13"

caniuse-lite^1.0.30001538, caniuse-lite@^1.0.30001565:
  version "1.0.30001576"
  resolved "https://yarnpkg.com"
  integrity sha512-ff5tGNi2OILHws3WwUOMANm69GQL9XgnwCQv7eKiF8LA8iCHoMREoG60xgChZzIe76m61bW6fG4vLh6Ngn811Q==

electron-to-chromium@^1.4.601:
  version "1.4.623"
  resolved "https://yarnpkg.com"
  integrity sha512-YwK8CAsH9Xv9S4vvS56AnEhkNuwkvp9asfA39MteKf3rWAs2Nsh9f7f9X9zf8bE8b7Qj6Nn+n9bO6fC5I77Q==

fraction.js@^4.3.6:
  version "4.3.7"
  resolved "https://yarnpkg.com"
  integrity sha512-ZsDfxO544wXNI3w78c5UsQQGRUJ0ZsZEx6863ArLU9XZ1qvDZZcOP7yTW5vE0d63QFwpOBbNjTWkyBC7HRrRGA==

lucide-react@^0.300.0:
  version "0.300.0"
  resolved "https://yarnpkg.com"
  integrity sha512-fTz8gUu9M88hEAt+7YhIAsETo7o8SInTfMsw/7w8wHksbZ6P+mY9k0hG8I3FkE7wU2N2fL8M9p6E50mZp1hQ==

next@14.1.0:
  version "14.1.0"
  resolved "https://yarnpkg.com"
  integrity sha512-wlz63IyUggLYJaOOBv90YfM76OThS75P70Yp0g7n3w76PThgN9D16Fp6st19zFpInyP1wH66f91XgN0aR440RA==
  dependencies:
    "@next/env" "14.1.0"
    "@swc/helpers" "0.5.2"
    busboy "1.6.0"
    caniuse-lite "^1.0.30001579"
    graceful-fs "^4.2.11"
    postcss "8.4.31"
    styled-jsx "5.1.1"

node-releases@^2.0.14:
  version "2.0.14"
  resolved "https://yarnpkg.com"
  integrity sha512-y10wOWt8yZpqXmOgRo77WaHEmhYQNWOTToCve9kVW93CWWMms6cnyDpDpF158NDBLQqvzj5FlpcwHB3GrwctXg==

normalize-range@^0.1.2:
  version "0.1.2"
  resolved "https://yarnpkg.com"
  integrity sha512-98FNLKc60h3gUAn70t66q65SilUnFA0vA978E69ZefnTuFpX9I0B3a9w1le4wH86Xn8gT6bY6Z4xV8B16h/==

picocolors@^1.0.0:
  version "1.0.0"
  resolved "https://yarnpkg.com"
  integrity sha512-1fygroTLlHu66zicRKYG+M0HA784B69QC24qrn8MIP16e6VqvM+InBwBg+4fRwpBFg3DeST73g7GP4C1X9kng==

postcss-value-parser@^4.2.0:
  version "4.2.0"
  resolved "https://yarnpkg.com"
  integrity sha512-1NNCs6uurfkVbeXG4S8JFT9t19m46wJKHwf9XfGQ9apxW97MJjMy+pIS3AfTvqnyIQUUySpS21/X96PbBR9WRw==

postcss@8.4.31, postcss@^8.4.0:
  version "8.4.31"
  resolved "https://yarnpkg.com"
  integrity sha512-PS08Iboia9ghi/scOWGWM9e6iIoioMTjtkdWkCHcYXPLC3CZwS2IQyQk6g9q1NFmnhhAsliLYatxu5cw1QVs9Q==
  dependencies:
    nanoid "^3.3.6"
    picocolors "^1.0.0"
    source-map-js "^1.0.2"

react-dom@^18.2.0:
  version "18.2.0"
  resolved "https://yarnpkg.com"
  integrity sha512-6IMTriUm6093Z67T/E9H4pC97YmBwEw0SgP6zM2FhLgNn9z1M9V140R9HmdrW0E8fK42S59392l1M1v38Lg==
  dependencies:
    loose-envify "^1.1.0"
    scheduler "^0.23.0"

react@^18.2.0:
  version "18.2.0"
  resolved "https://yarnpkg.com"
  integrity sha512-/32194yUMmYgV73M5y3fH9T2M15f013Pz6Z1lB25E6M5S71dM8hP7LzH0gLg7H+g2F/Tf1z7L6R4X4j9v5==
  dependencies:
    loose-envify "^1.1.0"

tailwindcss@^3.3.0:
  version "3.4.0"
  resolved "https://yarnpkg.com"
  integrity sha512-+As6KzSshX29OunYSk5wAAn70g6A70EOnz7eNuygPshUj8m0W3m67mU8P67U9hU7oN3b2W9K8R1f3D4oW7L6w==

update-browserslist-db@^1.0.13:
  version "1.0.13"
  resolved "https://yarnpkg.com"
  integrity sha512-x0FbOa8N69v9U8U4t62yV0yV0bL6m7uM7fLh5P65O49vN9oGq7O2zO1f1fO6uV0vE5XvFj1H7Gz25L3W7XvA==
  dependencies:
    escalade "^3.1.1"
    picocolors "^1.0.0"
